
Microsoft Visual Studio Solution File, Format Version 10.00
# Visual Studio 2008
Project("{FAE04EC0-301F-11D3-BF4B-00C04F79EFBC}") = "vActiveRecord.NetCf35", "vActiveRecord\vActiveRecord.NetCf35.csproj", "{C9C5B4EA-FA53-4C78-9A0B-FED83E7F6089}"
EndProject
Global
	GlobalSection(SolutionConfigurationPlatforms) = preSolution
		Debug|Any CPU = Debug|Any CPU
		Release|Any CPU = Release|Any CPU
	EndGlobalSection
	GlobalSection(ProjectConfigurationPlatforms) = postSolution
		{C9C5B4EA-FA53-4C78-9A0B-FED83E7F6089}.Debug|Any CPU.ActiveCfg = Debug|Any CPU
		{C9C5B4EA-FA53-4C78-9A0B-FED83E7F6089}.Debug|Any CPU.Build.0 = Debug|Any CPU
		{C9C5B4EA-FA53-4C78-9A0B-FED83E7F6089}.Release|Any CPU.ActiveCfg = Release|Any CPU
		{C9C5B4EA-FA53-4C78-9A0B-FED83E7F6089}.Release|Any CPU.Build.0 = Release|Any CPU
	EndGlobalSection
	GlobalSection(SolutionProperties) = preSolution
		HideSolutionNode = FALSE
	EndGlobalSection
EndGlobal
